{
  "nodes": {
    "makky": {
      "inputs": {
        "nixpkgs": [
          "nixpkgs"
        ],
        "rust-overlay": "rust-overlay"
      },
      "locked": {
        "lastModified": 1734393461,
        "narHash": "sha256-ZimruxhzNd1A0v6G07/wKzJh+p51Y4cdVw+nSy1vj8U=",
        "owner": "rossnomann",
        "repo": "makky",
        "rev": "779fe646e5f2d57ade7c309256487225601daf41",
        "type": "github"
      },
      "original": {
        "owner": "rossnomann",
        "repo": "makky",
        "type": "github"
      }
    },
    "nixpkgs": {
      "locked": {
        "lastModified": 1733581040,
        "narHash": "sha256-Qn3nPMSopRQJgmvHzVqPcE3I03zJyl8cSbgnnltfFDY=",
        "owner": "NixOS",
        "repo": "nixpkgs",
        "rev": "22c3f2cf41a0e70184334a958e6b124fb0ce3e01",
        "type": "github"
      },
      "original": {
        "owner": "NixOS",
        "ref": "nixos-unstable",
        "repo": "nixpkgs",
        "type": "github"
      }
    },
    "root": {
      "inputs": {
        "makky": "makky",
        "nixpkgs": "nixpkgs"
      }
    },
    "rust-overlay": {
      "inputs": {
        "nixpkgs": [
          "makky",
          "nixpkgs"
        ]
      },
      "locked": {
        "lastModified": 1734316514,
        "narHash": "sha256-0aLx44yMblcOGpfFXKCzp2GhU5JaE6OTvdU+JYrXiUc=",
        "owner": "oxalica",
        "repo": "rust-overlay",
        "rev": "83ee8ff74d6294a7657320f16814754c4594127b",
        "type": "github"
      },
      "original": {
        "owner": "oxalica",
        "repo": "rust-overlay",
        "type": "github"
      }
    }
  },
  "root": "root",
  "version": 7
}
