{
  "nodes": {
    "flake-utils": {
      "inputs": {
        "systems": "systems"
      },
      "locked": {
        "lastModified": 1731533236,
        "narHash": "sha256-l0KFg5HjrsfsO/JpG+r7fRrqm12kzFHyUHqHCVpMMbI=",
        "owner": "numtide",
        "repo": "flake-utils",
        "rev": "11707dc2f618dd54ca8739b309ec4fc024de578b",
        "type": "github"
      },
      "original": {
        "owner": "numtide",
        "repo": "flake-utils",
        "type": "github"
      }
    },
    "fretboard": {
      "inputs": {
        "flake-utils": "flake-utils",
        "nixpkgs": [
          "nixpkgs"
        ],
        "rust-overlay": "rust-overlay"
      },
      "locked": {
        "lastModified": 1740090892,
        "narHash": "sha256-GxHj3mqytEJXnGER6H9qFTaonsN2TjHU0h+S3n32eGw=",
        "owner": "rossnomann",
        "repo": "fretboard",
        "rev": "82dfced0d6abf8654453c9d388de5c89fdc1f5d5",
        "type": "github"
      },
      "original": {
        "owner": "rossnomann",
        "repo": "fretboard",
        "type": "github"
      }
    },
    "lightly": {
      "inputs": {
        "nixpkgs": [
          "nixpkgs"
        ]
      },
      "locked": {
        "lastModified": 1750940343,
        "narHash": "sha256-qmc/jreM09MOwQ8dOa/+yyh99rU7TowSqo8L33VHfto=",
        "owner": "Bali10050",
        "repo": "Darkly",
        "rev": "77770c8d3c35f7ad39da2c57122c360096df0aac",
        "type": "github"
      },
      "original": {
        "owner": "Bali10050",
        "repo": "Darkly",
        "type": "github"
      }
    },
    "makky": {
      "inputs": {
        "nixpkgs": [
          "nixpkgs"
        ],
        "rust-overlay": "rust-overlay_2"
      },
      "locked": {
        "lastModified": 1740091118,
        "narHash": "sha256-i3gWsziRG4UiCbznRdecDXHph21HBMQ47uJvlYWX+nw=",
        "owner": "rossnomann",
        "repo": "makky",
        "rev": "2e2bf8ecfd495706c6d0ef9555a5e794ff5acc26",
        "type": "github"
      },
      "original": {
        "owner": "rossnomann",
        "repo": "makky",
        "type": "github"
      }
    },
    "nixpkgs": {
      "locked": {
        "lastModified": 1736320768,
        "narHash": "sha256-nIYdTAiKIGnFNugbomgBJR+Xv5F1ZQU+HfaBqJKroC0=",
        "owner": "NixOS",
        "repo": "nixpkgs",
        "rev": "4bc9c909d9ac828a039f288cf872d16d38185db8",
        "type": "github"
      },
      "original": {
        "owner": "NixOS",
        "ref": "nixpkgs-unstable",
        "repo": "nixpkgs",
        "type": "github"
      }
    },
    "nixpkgs_2": {
      "locked": {
        "lastModified": 1751011381,
        "narHash": "sha256-krGXKxvkBhnrSC/kGBmg5MyupUUT5R6IBCLEzx9jhMM=",
        "owner": "NixOS",
        "repo": "nixpkgs",
        "rev": "30e2e2857ba47844aa71991daa6ed1fc678bcbb7",
        "type": "github"
      },
      "original": {
        "owner": "NixOS",
        "ref": "nixos-unstable",
        "repo": "nixpkgs",
        "type": "github"
      }
    },
    "root": {
      "inputs": {
        "fretboard": "fretboard",
        "lightly": "lightly",
        "makky": "makky",
        "nixpkgs": "nixpkgs_2"
      }
    },
    "rust-overlay": {
      "inputs": {
        "nixpkgs": "nixpkgs"
      },
      "locked": {
        "lastModified": 1740074384,
        "narHash": "sha256-T2eO9ognlph94/TyAu1uILo38fZG1G4S5FQxG+YBDv0=",
        "owner": "oxalica",
        "repo": "rust-overlay",
        "rev": "d291a120b6524911249b198baf3ec3e07ff57e04",
        "type": "github"
      },
      "original": {
        "owner": "oxalica",
        "repo": "rust-overlay",
        "type": "github"
      }
    },
    "rust-overlay_2": {
      "inputs": {
        "nixpkgs": [
          "makky",
          "nixpkgs"
        ]
      },
      "locked": {
        "lastModified": 1740074384,
        "narHash": "sha256-T2eO9ognlph94/TyAu1uILo38fZG1G4S5FQxG+YBDv0=",
        "owner": "oxalica",
        "repo": "rust-overlay",
        "rev": "d291a120b6524911249b198baf3ec3e07ff57e04",
        "type": "github"
      },
      "original": {
        "owner": "oxalica",
        "repo": "rust-overlay",
        "type": "github"
      }
    },
    "systems": {
      "locked": {
        "lastModified": 1681028828,
        "narHash": "sha256-Vy1rq5AaRuLzOxct8nz4T6wlgyUR7zLU309k9mBC768=",
        "owner": "nix-systems",
        "repo": "default",
        "rev": "da67096a3b9bf56a91d16901293e51ba5b49a27e",
        "type": "github"
      },
      "original": {
        "owner": "nix-systems",
        "repo": "default",
        "type": "github"
      }
    }
  },
  "root": "root",
  "version": 7
}
